
Microsoft Visual Studio Solution File, Format Version 12.00
# Visual Studio Version 16
VisualStudioVersion = 16.0.31624.102
MinimumVisualStudioVersion = 10.0.40219.1
Project("{FAE04EC0-301F-11D3-BF4B-00C04F79EFBC}") = "WpfToDoListforWebApi", "WpfToDoListforWebApi\WpfToDoListforWebApi.csproj", "{ABCD0B4D-B6A2-4DE1-9EDC-A25619D52945}"
EndProject
Global
	GlobalSection(SolutionConfigurationPlatforms) = preSolution
		Debug|Any CPU = Debug|Any CPU
		Release|Any CPU = Release|Any CPU
	EndGlobalSection
	GlobalSection(ProjectConfigurationPlatforms) = postSolution
		{ABCD0B4D-B6A2-4DE1-9EDC-A25619D52945}.Debug|Any CPU.ActiveCfg = Debug|Any CPU
		{ABCD0B4D-B6A2-4DE1-9EDC-A25619D52945}.Debug|Any CPU.Build.0 = Debug|Any CPU
		{ABCD0B4D-B6A2-4DE1-9EDC-A25619D52945}.Release|Any CPU.ActiveCfg = Release|Any CPU
		{ABCD0B4D-B6A2-4DE1-9EDC-A25619D52945}.Release|Any CPU.Build.0 = Release|Any CPU
	EndGlobalSection
	GlobalSection(SolutionProperties) = preSolution
		HideSolutionNode = FALSE
	EndGlobalSection
	GlobalSection(ExtensibilityGlobals) = postSolution
		SolutionGuid = {56C331D9-6119-4391-AF0C-6D1F290E3B1A}
	EndGlobalSection
EndGlobal
